{
  "version": 4,
  "terraform_version": "1.5.2",
  "serial": 1,
  "lineage": "e41a27fd-894a-937c-48e5-f2bebdbac42b",
  "outputs": {},
  "resources": [
    {
      "mode": "managed",
      "type": "aws_vpc",
      "name": "TerraformVPC",
      "provider": "provider[\"registry.terraform.io/hashicorp/aws\"]",
      "instances": [
        {
          "schema_version": 1,
          "attributes": {
            "arn": "arn:aws:ec2:ap-southeast-2:505848518441:vpc/vpc-05aa4908eddcf510e",
            "assign_generated_ipv6_cidr_block": false,
            "cidr_block": "192.168.0.0/24",
            "default_network_acl_id": "acl-0184cd478bb39ab5c",
            "default_route_table_id": "rtb-0bf7166e3729c3bef",
            "default_security_group_id": "sg-026f57ad9d9ff9392",
            "dhcp_options_id": "dopt-0189d414fac8c714e",
            "enable_dns_hostnames": false,
            "enable_dns_support": true,
            "enable_network_address_usage_metrics": false,
            "id": "vpc-05aa4908eddcf510e",
            "instance_tenancy": "default",
            "ipv4_ipam_pool_id": null,
            "ipv4_netmask_length": null,
            "ipv6_association_id": "",
            "ipv6_cidr_block": "",
            "ipv6_cidr_block_network_border_group": "",
            "ipv6_ipam_pool_id": "",
            "ipv6_netmask_length": 0,
            "main_route_table_id": "rtb-0bf7166e3729c3bef",
            "owner_id": "505848518441",
            "tags": {
              "name": "TerraformVPC"
            },
            "tags_all": {
              "name": "TerraformVPC"
            }
          },
          "sensitive_attributes": [],
          "private": "eyJzY2hlbWFfdmVyc2lvbiI6IjEifQ=="
        }
      ]
    }
  ],
  "check_results": null
}
